{
  "name": "@clutch-workflow/kinesis",
  "version": "0.0.0",
  "lockfileVersion": 1,
  "requires": true,
  "dependencies": {
    "react-hook-form": {
      "version": "6.0.8",
      "resolved": "https://registry.npmjs.org/react-hook-form/-/react-hook-form-6.0.8.tgz",
      "integrity": "sha512-lf1TTuRuqHkYJqDtNIgDu9Rk7euKWkFaG2+XZ3FSkngiFWR72Lj96/FeSGF+ZMylCLdCFq2F059kzucVKWvDiQ=="
    }
  }
}
